code.cloudfoundry.org/buildpackapplifecycle v0.0.0-20180402151415-1e1fa5ae3fdb h1:LfziM1u1jRUgdnjUbx2Wf/1+0TH+VDHPpVE7WfYR70U=
code.cloudfoundry.org/buildpackapplifecycle v0.0.0-20180402151415-1e1fa5ae3fdb/go.mod h1:HYcRj8n4GH2YcnsrJP9BRPHIHUMTecbNIv1ILL8TaGI=
code.cloudfoundry.org/bytefmt v0.0.0-20180108190415-b31f603f5e1e h1:R3Kkucb2Lbd/gFOKivb+HidzSL5o8eB+eWL2YqoIOss=
code.cloudfoundry.org/bytefmt v0.0.0-20180108190415-b31f603f5e1e/go.mod h1:wN/zk7mhREp/oviagqUXY3EwuHhWyOvAdsn5Y4CzOrc=
code.cloudfoundry.org/cli v6.37.0+incompatible h1:do1KlFXrwqqpynYdMDOV/pWFMHEwEVl883cKbgSfiSI=
code.cloudfoundry.org/cli v6.37.0+incompatible/go.mod h1:e4d+EpbwevNhyTZKybrLlyTvpH+W22vMsmdmcTxs/Fo=
code.cloudfoundry.org/gofileutils v0.0.0-20170111115228-4d0c80011a0f h1:UrKzEwTgeiff9vxdrfdqxibzpWjxLnuXDI5m6z3GJAk=
code.cloudfoundry.org/gofileutils v0.0.0-20170111115228-4d0c80011a0f/go.mod h1:sk5LnIjB/nIEU7yP5sDQExVm62wu0pBh3yrElngUisI=
code.cloudfoundry.org/ykk v0.0.0-20170424192843-e4df4ce2fd4d h1:M+zXqtXJqcsmpL76aU0tdl1ho23eYa4axYoM4gD62UA=
code.cloudfoundry.org/ykk v0.0.0-20170424192843-e4df4ce2fd4d/go.mod h1:YUJiVOr5xl0N/RjMxM1tHmgSpBbi5UM+KoVR5AoejO0=
github.com/BurntSushi/toml v0.3.0/go.mod h1:xHWCNGjB5oqiDr8zfno3MHue2Ht5sIBksp03qcyfWMU=
github.com/Microsoft/go-winio v0.4.9 h1:3RbgqgGVqmcpbOiwrjbVtDHLlJBGF6aE+yHmNtBNsFQ=
github.com/Microsoft/go-winio v0.4.9/go.mod h1:VhR8bwka0BXejwEJY73c50VrPtXAaKcyvVC4A4RozmA=
github.com/SermoDigital/jose v0.0.0-20161205224733-f6df55f235c2 h1:vaAJk17N8B8JfRDUhK1vSw3L/TAz8w65M3/RMeNusRE=
github.com/SermoDigital/jose v0.0.0-20161205224733-f6df55f235c2/go.mod h1:ARgCUhI1MHQH+ONky/PAtmVHQrP5JlGY0F3poXOp/fA=
github.com/blang/semver v3.5.1+incompatible h1:cQNTCjp13qL8KC3Nbxr/y2Bqb63oX6wdnnjpJbkM4JQ=
github.com/blang/semver v3.5.1+incompatible/go.mod h1:kRBLl5iJ+tD4TcOOxsy/0fnwebNt5EWlYSAyrTnjyyk=
github.com/bmatcuk/doublestar v1.1.1 h1:YroD6BJCZBYx06yYFEWvUuKVWQn3vLLQAVmDmvTSaiQ=
github.com/bmatcuk/doublestar v1.1.1/go.mod h1:UD6OnuiIn0yFxxA2le/rnRU1G4RaI4UvFv1sNto9p6w=
github.com/buildpack/lifecycle v0.0.0-20180908065804-fa0ebcc66e9a h1:9T+ZWcGaW6LQydTiA/AjhLMzjg9OirP6RfM1DAO00sA=
github.com/buildpack/lifecycle v0.0.0-20180908065804-fa0ebcc66e9a/go.mod h1:vz2ERQFz2MtQIsTD/+rU692KFDeJdeFRKUjsMRt1bFk=
github.com/charlievieth/fs v0.0.0-20170613215519-7dc373669fa1 h1:vTlpHKxJqykyKdW9bkrDJNWeKNuSIAJ0TP/K4lRsz/Q=
github.com/charlievieth/fs v0.0.0-20170613215519-7dc373669fa1/go.mod h1:sAoA1zHCH4FJPE2gne5iBiiVG66U7Nyp6JqlOo+FEyg=
github.com/cloudfoundry/bosh-cli v3.0.1+incompatible h1:Sl1/XENVyD60BGREtbs3qpEI/YVqfpcFN7mVIlPwSnQ=
github.com/cloudfoundry/bosh-cli v3.0.1+incompatible/go.mod h1:rzIB+e1sn7wQL/TJ54bl/FemPKRhXby5BIMS3tLuWFM=
github.com/cloudfoundry/bosh-utils v0.0.0-20180525223136-b082aa9a8195 h1:yKdH4ueHT94g3FuTP9puq7DNaiVsipjq++iPcu67oGs=
github.com/cloudfoundry/bosh-utils v0.0.0-20180525223136-b082aa9a8195/go.mod h1:JCrKwetZGjxbfq1U139TZuXDBfdGLtjOEAfxMWKV/QM=
github.com/cppforlife/go-patch v0.0.0-20171006213518-250da0e0e68c h1:L6Qwcfk/qeD05lCaMxjhn8fCKNAVEWOBn1vqU7KJHtk=
github.com/cppforlife/go-patch v0.0.0-20171006213518-250da0e0e68c/go.mod h1:67a7aIi94FHDZdoeGSJRRFDp66l9MhaAG1yGxpUoFD8=
github.com/cyphar/filepath-securejoin v0.2.1 h1:5DPkzz/0MwUpvR4fxASKzgApeq2OMFY5FfYtrX28Coo=
github.com/cyphar/filepath-securejoin v0.2.1/go.mod h1:FpkQEhXnPnOthhzymB7CGsFk2G9VLXONKD9G7QGMM+4=
github.com/davecgh/go-spew v1.1.1 h1:vj9j/u1bqnvCEfJOwUhtlOARqs3+rkHYY13jYWTU97c=
github.com/davecgh/go-spew v1.1.1/go.mod h1:J7Y8YcW2NihsgmVo/mv3lAwl/skON4iLHjSsI+c5H38=
github.com/docker/distribution v0.0.0-20180327202408-83389a148052/go.mod h1:J2gT2udsDAN96Uj4KfcMRqY0/ypR+oyYUYmja8H+y+w=
github.com/docker/distribution v2.6.2+incompatible h1:4FI6af79dfCS/CYb+RRtkSHw3q1L/bnDjG1PcPZtQhM=
github.com/docker/distribution v2.6.2+incompatible/go.mod h1:J2gT2udsDAN96Uj4KfcMRqY0/ypR+oyYUYmja8H+y+w=
github.com/docker/docker v0.7.3-0.20180531152204-71cd53e4a197/go.mod h1:eEKB0N0r5NX/I1kEveEz05bcu8tLC/8azJZsviup8Sk=
github.com/docker/docker v1.13.1 h1:5VBhsO6ckUxB0A8CE5LlUJdXzik9cbEbBTQ/ggeml7M=
github.com/docker/docker v1.13.1/go.mod h1:eEKB0N0r5NX/I1kEveEz05bcu8tLC/8azJZsviup8Sk=
github.com/docker/go-connections v0.4.0 h1:El9xVISelRB7BuFusrZozjnkIM5YnzCViNKohAFqRJQ=
github.com/docker/go-connections v0.4.0/go.mod h1:Gbd7IOopHjR8Iph03tsViu4nIes5XhDvyHbTtUxmeec=
github.com/docker/go-units v0.3.3 h1:Xk8S3Xj5sLGlG5g67hJmYMmUgXv5N4PhkjJHHqrwnTk=
github.com/docker/go-units v0.3.3/go.mod h1:fgPhTUdO+D/Jk86RDLlptpiXQzgHJF7gydDDbaIK4Dk=
github.com/fatih/color v0.0.0-20180516100307-2d684516a886 h1:uG3h1WD7I3u1FP2+EdJjjhM1A3DKbZuRQz8H5cv6fyE=
github.com/fatih/color v0.0.0-20180516100307-2d684516a886/go.mod h1:Zm6kSWBoL9eyXnKyktHP6abPY2pDugNf5KwzbycvMj4=
github.com/fsnotify/fsnotify v1.4.7 h1:IXs+QLmnXW2CcXuY+8Mzv/fWEsPGWxqefPtCP5CnV9I=
github.com/fsnotify/fsnotify v1.4.7/go.mod h1:jwhsz4b93w/PPRr/qN1Yymfu8t87LnFCMoQvtojpjFo=
github.com/gogo/protobuf v1.1.1/go.mod h1:r8qH/GZQm5c6nD/R0oafs1akxWv10x8SbQlK7atdtwQ=
github.com/golang/mock v1.1.1/go.mod h1:oTYuIxOrZwtPieC+H1uAHpcLFnEyAGVDL/k47Jfbm0A=
github.com/golang/protobuf v1.2.0 h1:P3YflyNX/ehuJFLhxviNdFxQPkGK5cDcApsge1SqnvM=
github.com/golang/protobuf v1.2.0/go.mod h1:6lQm79b+lXiMfvg/cZm0SGofjICqVBUtrP5yJMmIC1U=
github.com/google/go-cmp v0.2.0 h1:+dTQ8DZQJz0Mb/HjFlkptS1FeQ4cWSnN941F8aEG4SQ=
github.com/google/go-cmp v0.2.0/go.mod h1:oXzfMopK8JAjlY9xF4vHSVASa0yLyX7SntLO5aqRK0M=
github.com/google/go-containerregistry v0.0.0-20180731221751-697ee0b3d46e h1:r4P1NixrrRg3znfuzgWmGkuBmYGsmAmWK4s7bcUa6ZY=
github.com/google/go-containerregistry v0.0.0-20180731221751-697ee0b3d46e/go.mod h1:yZAFP63pRshzrEYLXLGPmUt0Ay+2zdjmMN1loCnRLUk=
github.com/gotestyourself/gotestyourself v2.1.0+incompatible/go.mod h1:zZKM6oeNM8k+FRljX1mnzVYeS8wiGgQyvST1/GafPbY=
github.com/hpcloud/tail v1.0.0 h1:nfCOvKYfkgYP8hkirhJocXT2+zOD8yUNjXaWfTlyFKI=
github.com/hpcloud/tail v1.0.0/go.mod h1:ab1qPbhIpdTxEkNHXyeSf5vhxWSCs/tWer42PpOxQnU=
github.com/kr/pty v1.1.2 h1:Q7kfkJVHag8Gix8Z5+eTo09NFHV8MXL9K66sv9qDaVI=
github.com/kr/pty v1.1.2/go.mod h1:pFQYn66WHrOpPYNljwOMqo10TkYh1fy3cYio2l3bCsQ=
github.com/lunixbochs/vtclean v0.0.0-20170504063817-d14193dfc626 h1:33Ys8SnkRfz5ojdG853pyT/2Iqbk95PVm+QrC5XvI70=
github.com/lunixbochs/vtclean v0.0.0-20170504063817-d14193dfc626/go.mod h1:pHhQNgMf3btfWnGBVipUOjRYhoOsdGqdm/+2c2E2WMI=
github.com/mattn/go-colorable v0.0.9 h1:UVL0vNpWh04HeJXV0KLcaT7r06gOH2l4OW6ddYRUIY4=
github.com/mattn/go-colorable v0.0.9/go.mod h1:9vuHe8Xs5qXnSaW/c/ABM9alt+Vo+STaOChaDxuIBZU=
github.com/mattn/go-isatty v0.0.3 h1:ns/ykhmWi7G9O+8a448SecJU3nSMBXJfqQkl0upE1jI=
github.com/mattn/go-isatty v0.0.3/go.mod h1:M+lRXTBqGeGNdLjl/ufCoiOlB5xdOkqRJdNxMWT7Zi4=
github.com/mattn/go-runewidth v0.0.3 h1:a+kO+98RDGEfo6asOGMmpodZq4FNtnGP54yps8BzLR4=
github.com/mattn/go-runewidth v0.0.3/go.mod h1:LwmH8dsx7+W8Uxz3IHJYH5QSwggIsqBzpuz5H//U1FU=
github.com/nu7hatch/gouuid v0.0.0-20131221200532-179d4d0c4d8d h1:VhgPp6v9qf9Agr/56bj7Y/xa04UccTW04VP0Qed4vnQ=
github.com/nu7hatch/gouuid v0.0.0-20131221200532-179d4d0c4d8d/go.mod h1:YUTz3bUH2ZwIWBy3CJBeOBEugqcmXREj14T+iG/4k4U=
github.com/onsi/ginkgo v1.6.0 h1:Ix8l273rp3QzYgXSR+c8d1fTG7UPgYkOSELPhiY/YGw=
github.com/onsi/ginkgo v1.6.0/go.mod h1:lLunBs/Ym6LB5Z9jYTR76FiuTmxDTDusOGeTQH+WWjE=
github.com/onsi/gomega v1.4.1 h1:PZSj/UFNaVp3KxrzHOcS7oyuWA7LoOY/77yCTEFu21U=
github.com/onsi/gomega v1.4.1/go.mod h1:C1qb7wdrVGGVU+Z6iS04AVkA3Q65CEZX59MT0QO5uiA=
github.com/opencontainers/go-digest v1.0.0-rc1/go.mod h1:cMLVZDEM3+U2I4VmLI6N8jQYUd2OVphdqWwCJHrFt2s=
github.com/opencontainers/image-spec v1.0.1/go.mod h1:BtxoFyWECRxE4U/7sNtV5W15zMzWCbyJoFRP3s7yZA0=
github.com/pkg/errors v0.8.0 h1:WdK/asTD0HN+q6hsWO3/vpuAkAr+tw6aNJNDFFf0+qw=
github.com/pkg/errors v0.8.0/go.mod h1:bwawxfHBFNV+L2hUp1rHADufV3IMtnDRdf1r5NINEl0=
github.com/pmezard/go-difflib v1.0.0 h1:4DBwDE0NGyQoBHbLQYPwSUPoCMWR5BEzIk/f1lZbAQM=
github.com/pmezard/go-difflib v1.0.0/go.mod h1:iKH77koFhYxTK1pcRnkKkqfTogsbg7gZNVY4sRDYZ/4=
github.com/sclevine/spec v0.0.0-20180404042546-a925ac4bfbc9 h1:xh7f/httJstXLcqjPfzpsgLoLuB1wFNRPaOE8KYxdoM=
github.com/sclevine/spec v0.0.0-20180404042546-a925ac4bfbc9/go.mod h1:W4J29eT/Kzv7/b9IWLB055Z+qvVC9vt0Arko24q7p+U=
github.com/sirupsen/logrus v1.0.5 h1:8c8b5uO0zS4X6RPl/sd1ENwSkIc0/H2PaHxE3udaE8I=
github.com/sirupsen/logrus v1.0.5/go.mod h1:pMByvHTf9Beacp5x1UXfOR9xyW/9antXMhjMPG0dEzc=
github.com/stevvooe/resumable v0.0.0-20180830230917-22b14a53ba50 h1:4bT0pPowCpQImewr+BjzfUKcuFW+KVyB8d1OF3b6oTI=
github.com/stevvooe/resumable v0.0.0-20180830230917-22b14a53ba50/go.mod h1:1pdIZTAHUz+HDKDVZ++5xg/duPlhKAIzw9qy42CWYp4=
github.com/stretchr/testify v1.2.2 h1:bSDNvY7ZPG5RlJ8otE/7V6gMiyenm9RtJ7IUVIAoJ1w=
github.com/stretchr/testify v1.2.2/go.mod h1:a8OnRcib4nhh0OaRAV+Yts87kKdq0PP7pXfy6kDkUVs=
github.com/vito/go-interact v0.0.0-20171111012221-fa338ed9e9ec h1:Klu98tQ9Z1t23gvC7p7sCmvxkZxLhBHLNyrUPsWsYFg=
github.com/vito/go-interact v0.0.0-20171111012221-fa338ed9e9ec/go.mod h1:wPlfmglZmRWMYv/qJy3P+fK/UnoQB5ISk4txfNd9tDo=
golang.org/x/crypto v0.0.0-20180602220124-df8d4716b347 h1:+jjpoZyGXummmGKty7FoOcAE9yNHXYwr4nOv+07g6X4=
golang.org/x/crypto v0.0.0-20180602220124-df8d4716b347/go.mod h1:6SG95UA2DQfeDnfUPMdvaQW0Q7yPrPDi9nlGo2tz2b4=
golang.org/x/net v0.0.0-20180611182652-db08ff08e862 h1:JZi6BqOZ+iSgmLWe6llhGrNnEnK+YB/MRkStwnEfbqM=
golang.org/x/net v0.0.0-20180611182652-db08ff08e862/go.mod h1:mL1N/T3taQHkDXs73rZJwtUhF3w3ftmwwsq0BUmARs4=
golang.org/x/sync v0.0.0-20180314180146-1d60e4601c6f h1:wMNYb4v58l5UBM7MYRLPG6ZhfOqbKu7X5eyFl8ZhKvA=
golang.org/x/sync v0.0.0-20180314180146-1d60e4601c6f/go.mod h1:RxMgew5VJxzue5/jJTE5uejpjVlOe/izrB70Jof72aM=
golang.org/x/sys v0.0.0-20180724212812-e072cadbbdc8 h1:7T3bTJEttnfJdEY+NY/VYT7IXRaul8potWiyw/n7LB8=
golang.org/x/sys v0.0.0-20180724212812-e072cadbbdc8/go.mod h1:STP8DvDyc/dI5b8T5hshtkjS+E42TnysNCUPdjciGhY=
golang.org/x/text v0.0.0-20180511172408-5c1cf69b5978 h1:WNm0tmiuBMW4FJRuXKWOqaQfmKptHs0n8nTCyG0ayjc=
golang.org/x/text v0.0.0-20180511172408-5c1cf69b5978/go.mod h1:NqM8EUOU14njkJ3fqMW+pc6Ldnwhi/IjpwHt7yyuwOQ=
gopkg.in/airbrake/gobrake.v2 v2.0.9 h1:7z2uVWwn7oVeeugY1DtlPAy5H+KYgB1KeKTnqjNatLo=
gopkg.in/airbrake/gobrake.v2 v2.0.9/go.mod h1:/h5ZAUhDkGaJfjzjKLSjv6zCL6O0LLBxU4K+aSYdM/U=
gopkg.in/check.v1 v0.0.0-20161208181325-20d25e280405 h1:yhCVgyC4o1eVCa2tZl7eS0r+SDo693bJlVdllGtEeKM=
gopkg.in/check.v1 v0.0.0-20161208181325-20d25e280405/go.mod h1:Co6ibVJAznAaIkqp8huTwlJQCZ016jof/cbN4VW5Yz0=
gopkg.in/fsnotify.v1 v1.4.7 h1:xOHLXZwVvI9hhs+cLKq5+I5onOuwQLhQwiu63xxlHs4=
gopkg.in/fsnotify.v1 v1.4.7/go.mod h1:Tz8NjZHkW78fSQdbUxIjBTcgA1z1m8ZHf0WmKUhAMys=
gopkg.in/gemnasium/logrus-airbrake-hook.v2 v2.1.2 h1:OAj3g0cR6Dx/R07QgQe8wkA9RNjB2u4i700xBkIT4e0=
gopkg.in/gemnasium/logrus-airbrake-hook.v2 v2.1.2/go.mod h1:Xk6kEKp8OKb+X14hQBKWaSkCsqBpgog8nAV2xsGOxlo=
gopkg.in/tomb.v1 v1.0.0-20141024135613-dd632973f1e7 h1:uRGJdciOHaEIrze2W8Q3AKkepLTh2hOroT7a+7czfdQ=
gopkg.in/tomb.v1 v1.0.0-20141024135613-dd632973f1e7/go.mod h1:dt/ZhP58zS4L8KSrWDmTeBkI65Dw0HsyUHuEVlX15mw=
gopkg.in/yaml.v2 v2.2.1 h1:mUhvW9EsL+naU5Q3cakzfE91YhliOondGd6ZrsDBHQE=
gopkg.in/yaml.v2 v2.2.1/go.mod h1:hI93XBmqTisBFMUTm0b8Fm+jr3Dg1NNxqwp+5A1VGuI=
gotest.tools v2.1.0+incompatible/go.mod h1:DsYFclhRJ6vuDpmuTbkuFWG+y2sxOXAzmJt81HFBacw=
