# This file is autogenerated, do not edit; changes may be undone by the next 'dep ensure'.


[[projects]]
  branch = "master"
  name = "code.cloudfoundry.org/buildpackapplifecycle"
  packages = ["."]
  revision = "3746a1e5aa88947bc7ce682bb2843623b9e24907"

[solve-meta]
  analyzer-name = "dep"
  analyzer-version = 1
  inputs-digest = "fd40c5b2062c8f064aca35a7e517ec92cdb6af12725ee790db854686def62014"
  solver-name = "gps-cdcl"
  solver-version = 1
